
Microsoft Visual Studio Solution File, Format Version 12.00
# Visual Studio Version 17
VisualStudioVersion = 17.2.32210.308
MinimumVisualStudioVersion = 10.0.40219.1
Project("{9A19103F-16F7-4668-BE54-9A1E7A4F7556}") = "izolabella.Discord", "izolabella.Discord.csproj", "{BE34D007-533B-4629-A71C-DE8AA5749ED2}"
EndProject
Project("{9A19103F-16F7-4668-BE54-9A1E7A4F7556}") = "BotTest", "..\BotTest\BotTest.csproj", "{58489B8E-0C65-46D0-A826-91C7E61C936E}"
EndProject
Global
	GlobalSection(SolutionConfigurationPlatforms) = preSolution
		Debug|Any CPU = Debug|Any CPU
		Release|Any CPU = Release|Any CPU
	EndGlobalSection
	GlobalSection(ProjectConfigurationPlatforms) = postSolution
		{BE34D007-533B-4629-A71C-DE8AA5749ED2}.Debug|Any CPU.ActiveCfg = Debug|Any CPU
		{BE34D007-533B-4629-A71C-DE8AA5749ED2}.Debug|Any CPU.Build.0 = Debug|Any CPU
		{BE34D007-533B-4629-A71C-DE8AA5749ED2}.Release|Any CPU.ActiveCfg = Release|Any CPU
		{BE34D007-533B-4629-A71C-DE8AA5749ED2}.Release|Any CPU.Build.0 = Release|Any CPU
		{58489B8E-0C65-46D0-A826-91C7E61C936E}.Debug|Any CPU.ActiveCfg = Debug|Any CPU
		{58489B8E-0C65-46D0-A826-91C7E61C936E}.Debug|Any CPU.Build.0 = Debug|Any CPU
		{58489B8E-0C65-46D0-A826-91C7E61C936E}.Release|Any CPU.ActiveCfg = Release|Any CPU
		{58489B8E-0C65-46D0-A826-91C7E61C936E}.Release|Any CPU.Build.0 = Release|Any CPU
	EndGlobalSection
	GlobalSection(SolutionProperties) = preSolution
		HideSolutionNode = FALSE
	EndGlobalSection
	GlobalSection(ExtensibilityGlobals) = postSolution
		SolutionGuid = {E272CF5F-122A-4FC8-BA79-F2DEFFFE4AE8}
	EndGlobalSection
EndGlobal
